
Microsoft Visual Studio Solution File, Format Version 12.00
# Visual Studio Version 17
VisualStudioVersion = 17.13.35825.156 d17.13
MinimumVisualStudioVersion = 10.0.40219.1
Project("{FAE04EC0-301F-11D3-BF4B-00C04F79EFBC}") = "AETriggerlines", "AETriggerlines.csproj", "{CBA84B04-63F7-41C7-A851-572205493004}"
EndProject
Global
	GlobalSection(SolutionConfigurationPlatforms) = preSolution
		Debug|Any CPU = Debug|Any CPU
		Release|Any CPU = Release|Any CPU
	EndGlobalSection
	GlobalSection(ProjectConfigurationPlatforms) = postSolution
		{CBA84B04-63F7-41C7-A851-572205493004}.Debug|Any CPU.ActiveCfg = Debug|Any CPU
		{CBA84B04-63F7-41C7-A851-572205493004}.Debug|Any CPU.Build.0 = Debug|Any CPU
		{CBA84B04-63F7-41C7-A851-572205493004}.Release|Any CPU.ActiveCfg = Release|Any CPU
		{CBA84B04-63F7-41C7-A851-572205493004}.Release|Any CPU.Build.0 = Release|Any CPU
	EndGlobalSection
	GlobalSection(SolutionProperties) = preSolution
		HideSolutionNode = FALSE
	EndGlobalSection
	GlobalSection(ExtensibilityGlobals) = postSolution
		SolutionGuid = {C41B2849-A0B5-4926-87CA-ED40FA9204A9}
	EndGlobalSection
EndGlobal
